schema_version: 1
source_repository: paulomac1000/ai-skills
source_revision: 661ff01a5e70d58d6c94a12545b24647e52063ed
skills:
  mcp-server-architect:
    version: 1.2.0
    normative_entrypoint: skills/mcp-server-architect/STANDARD.md
  afds-doc-writer:
    version: 1.2.0
    normative_entrypoint: skills/afds-doc-writer/STANDARD.md
  agents-md-architect:
    version: 1.2.0
    normative_entrypoint: skills/agents-md-architect/STANDARD.md
  ci-cd-architect:
    version: 1.2.0
    normative_entrypoint: skills/ci-cd-architect/STANDARD.md
